# This file is automatically @generated by Cargo.
# It is not intended for manual editing.
version = 4

[[package]]
name = "nous_cli"
version = "0.1.0"
dependencies = [
 "nous_diagnostics",
 "nous_ir",
 "nous_lexer",
 "nous_parser",
 "nous_runtime",
 "nous_semantics",
]

[[package]]
name = "nous_diagnostics"
version = "0.1.0"

[[package]]
name = "nous_ir"
version = "0.1.0"
dependencies = [
 "nous_diagnostics",
 "nous_lexer",
 "nous_parser",
 "nous_runtime",
 "nous_semantics",
]

[[package]]
name = "nous_lexer"
version = "0.1.0"
dependencies = [
 "nous_diagnostics",
]

[[package]]
name = "nous_parser"
version = "0.1.0"
dependencies = [
 "nous_lexer",
]

[[package]]
name = "nous_runtime"
version = "0.1.0"
dependencies = [
 "nous_diagnostics",
 "nous_lexer",
 "nous_parser",
 "nous_semantics",
]

[[package]]
name = "nous_semantics"
version = "0.1.0"
dependencies = [
 "nous_diagnostics",
 "nous_lexer",
 "nous_parser",
]
